
Microsoft Visual Studio Solution File, Format Version 12.00
# Visual Studio Version 17
VisualStudioVersion = 17.7.34031.279
MinimumVisualStudioVersion = 10.0.40219.1
Project("{8BC9CEB8-8B4A-11D0-8D11-00A0C91BC942}") = "Task5(New)", "Task5(New).vcxproj", "{30E90F44-E6DE-486E-B751-8F7A00C23E86}"
EndProject
Global
	GlobalSection(SolutionConfigurationPlatforms) = preSolution
		Debug|x64 = Debug|x64
		Debug|x86 = Debug|x86
		Release|x64 = Release|x64
		Release|x86 = Release|x86
	EndGlobalSection
	GlobalSection(ProjectConfigurationPlatforms) = postSolution
		{30E90F44-E6DE-486E-B751-8F7A00C23E86}.Debug|x64.ActiveCfg = Debug|x64
		{30E90F44-E6DE-486E-B751-8F7A00C23E86}.Debug|x64.Build.0 = Debug|x64
		{30E90F44-E6DE-486E-B751-8F7A00C23E86}.Debug|x86.ActiveCfg = Debug|Win32
		{30E90F44-E6DE-486E-B751-8F7A00C23E86}.Debug|x86.Build.0 = Debug|Win32
		{30E90F44-E6DE-486E-B751-8F7A00C23E86}.Release|x64.ActiveCfg = Release|x64
		{30E90F44-E6DE-486E-B751-8F7A00C23E86}.Release|x64.Build.0 = Release|x64
		{30E90F44-E6DE-486E-B751-8F7A00C23E86}.Release|x86.ActiveCfg = Release|Win32
		{30E90F44-E6DE-486E-B751-8F7A00C23E86}.Release|x86.Build.0 = Release|Win32
	EndGlobalSection
	GlobalSection(SolutionProperties) = preSolution
		HideSolutionNode = FALSE
	EndGlobalSection
	GlobalSection(ExtensibilityGlobals) = postSolution
		SolutionGuid = {A7207509-9727-4FC2-97E8-DC1C4FB73880}
	EndGlobalSection
EndGlobal
