
Microsoft Visual Studio Solution File, Format Version 12.00
# Visual Studio Version 17
VisualStudioVersion = 17.9.34622.214
MinimumVisualStudioVersion = 10.0.40219.1
Project("{888888A0-9F3D-457C-B088-3A5042F75D52}") = "Jump-Ahead", "Jump-Ahead.pyproj", "{3EE23B89-FA7B-4AE2-B9BA-045D92AC74DF}"
EndProject
Global
	GlobalSection(SolutionConfigurationPlatforms) = preSolution
		Debug|Any CPU = Debug|Any CPU
		Release|Any CPU = Release|Any CPU
	EndGlobalSection
	GlobalSection(ProjectConfigurationPlatforms) = postSolution
		{3EE23B89-FA7B-4AE2-B9BA-045D92AC74DF}.Debug|Any CPU.ActiveCfg = Debug|Any CPU
		{3EE23B89-FA7B-4AE2-B9BA-045D92AC74DF}.Release|Any CPU.ActiveCfg = Release|Any CPU
	EndGlobalSection
	GlobalSection(SolutionProperties) = preSolution
		HideSolutionNode = FALSE
	EndGlobalSection
	GlobalSection(ExtensibilityGlobals) = postSolution
		SolutionGuid = {C86E430F-DF3C-48AA-B3A3-083A0CBA7FA2}
	EndGlobalSection
EndGlobal
