
Microsoft Visual Studio Solution File, Format Version 12.00
# Visual Studio Version 17
VisualStudioVersion = 17.7.34031.279
MinimumVisualStudioVersion = 10.0.40219.1
Project("{8BC9CEB8-8B4A-11D0-8D11-00A0C91BC942}") = "Hometask2", "Hometask2.vcxproj", "{6CA3FDF0-1DAE-4CB9-B3DA-E560612D8D6C}"
EndProject
Global
	GlobalSection(SolutionConfigurationPlatforms) = preSolution
		Debug|x64 = Debug|x64
		Debug|x86 = Debug|x86
		Release|x64 = Release|x64
		Release|x86 = Release|x86
	EndGlobalSection
	GlobalSection(ProjectConfigurationPlatforms) = postSolution
		{6CA3FDF0-1DAE-4CB9-B3DA-E560612D8D6C}.Debug|x64.ActiveCfg = Debug|x64
		{6CA3FDF0-1DAE-4CB9-B3DA-E560612D8D6C}.Debug|x64.Build.0 = Debug|x64
		{6CA3FDF0-1DAE-4CB9-B3DA-E560612D8D6C}.Debug|x86.ActiveCfg = Debug|Win32
		{6CA3FDF0-1DAE-4CB9-B3DA-E560612D8D6C}.Debug|x86.Build.0 = Debug|Win32
		{6CA3FDF0-1DAE-4CB9-B3DA-E560612D8D6C}.Release|x64.ActiveCfg = Release|x64
		{6CA3FDF0-1DAE-4CB9-B3DA-E560612D8D6C}.Release|x64.Build.0 = Release|x64
		{6CA3FDF0-1DAE-4CB9-B3DA-E560612D8D6C}.Release|x86.ActiveCfg = Release|Win32
		{6CA3FDF0-1DAE-4CB9-B3DA-E560612D8D6C}.Release|x86.Build.0 = Release|Win32
	EndGlobalSection
	GlobalSection(SolutionProperties) = preSolution
		HideSolutionNode = FALSE
	EndGlobalSection
	GlobalSection(ExtensibilityGlobals) = postSolution
		SolutionGuid = {79961320-AF3E-4C32-8E4A-493491FD09A4}
	EndGlobalSection
EndGlobal
