
Microsoft Visual Studio Solution File, Format Version 12.00
# Visual Studio Version 17
VisualStudioVersion = 17.7.34031.279
MinimumVisualStudioVersion = 10.0.40219.1
Project("{8BC9CEB8-8B4A-11D0-8D11-00A0C91BC942}") = "Hometask4(Root)", "Hometask4(Root).vcxproj", "{BBD01FFA-15D9-4E54-A5A0-A2DB9321F715}"
EndProject
Global
	GlobalSection(SolutionConfigurationPlatforms) = preSolution
		Debug|x64 = Debug|x64
		Debug|x86 = Debug|x86
		Release|x64 = Release|x64
		Release|x86 = Release|x86
	EndGlobalSection
	GlobalSection(ProjectConfigurationPlatforms) = postSolution
		{BBD01FFA-15D9-4E54-A5A0-A2DB9321F715}.Debug|x64.ActiveCfg = Debug|x64
		{BBD01FFA-15D9-4E54-A5A0-A2DB9321F715}.Debug|x64.Build.0 = Debug|x64
		{BBD01FFA-15D9-4E54-A5A0-A2DB9321F715}.Debug|x86.ActiveCfg = Debug|Win32
		{BBD01FFA-15D9-4E54-A5A0-A2DB9321F715}.Debug|x86.Build.0 = Debug|Win32
		{BBD01FFA-15D9-4E54-A5A0-A2DB9321F715}.Release|x64.ActiveCfg = Release|x64
		{BBD01FFA-15D9-4E54-A5A0-A2DB9321F715}.Release|x64.Build.0 = Release|x64
		{BBD01FFA-15D9-4E54-A5A0-A2DB9321F715}.Release|x86.ActiveCfg = Release|Win32
		{BBD01FFA-15D9-4E54-A5A0-A2DB9321F715}.Release|x86.Build.0 = Release|Win32
	EndGlobalSection
	GlobalSection(SolutionProperties) = preSolution
		HideSolutionNode = FALSE
	EndGlobalSection
	GlobalSection(ExtensibilityGlobals) = postSolution
		SolutionGuid = {BB3913DD-0C43-43A9-ABCD-732AF87DCE58}
	EndGlobalSection
EndGlobal
