
Microsoft Visual Studio Solution File, Format Version 12.00
# Visual Studio Version 17
VisualStudioVersion = 17.5.33502.453
MinimumVisualStudioVersion = 10.0.40219.1
Project("{D954291E-2A0B-460D-934E-DC6B0785DB48}") = "CompTask IV", "CompTask IV.shproj", "{150CC285-B339-407D-9822-6392F4D3A289}"
EndProject
Global
	GlobalSection(SolutionProperties) = preSolution
		HideSolutionNode = FALSE
	EndGlobalSection
	GlobalSection(ExtensibilityGlobals) = postSolution
		SolutionGuid = {2074D8DB-4FC4-4040-8797-0B705E9F8AF1}
	EndGlobalSection
	GlobalSection(SharedMSBuildProjectFiles) = preSolution
		CompTask IV.projitems*{150cc285-b339-407d-9822-6392f4d3a289}*SharedItemsImports = 13
	EndGlobalSection
EndGlobal
